// !$*UTF8*$!
{
	archiveVersion = 1;
	classes = {
	};
	objectVersion = 50;
	objects = {

/* Begin PBXBuildFile section */
		530CC0F5256A90E300F2613D /* AppDelegate.swift in Sources */ = {isa = PBXBuildFile; fileRef = 530CC0F4256A90E300F2613D /* AppDelegate.swift */; };
		530CC0F7256A90E300F2613D /* SceneDelegate.swift in Sources */ = {isa = PBXBuildFile; fileRef = 530CC0F6256A90E300F2613D /* SceneDelegate.swift */; };
		530CC0F9256A90E300F2613D /* ViewController.swift in Sources */ = {isa = PBXBuildFile; fileRef = 530CC0F8256A90E300F2613D /* ViewController.swift */; };
		530CC0FC256A90E300F2613D /* Main.storyboard in Resources */ = {isa = PBXBuildFile; fileRef = 530CC0FA256A90E300F2613D /* Main.storyboard */; };
		530CC0FE256A90E400F2613D /* Assets.xcassets in Resources */ = {isa = PBXBuildFile; fileRef = 530CC0FD256A90E400F2613D /* Assets.xcassets */; };
		530CC101256A90E400F2613D /* LaunchScreen.storyboard in Resources */ = {isa = PBXBuildFile; fileRef = 530CC0FF256A90E400F2613D /* LaunchScreen.storyboard */; };
		530CC10C256A90E400F2613D /* tippyTests.swift in Sources */ = {isa = PBXBuildFile; fileRef = 530CC10B256A90E400F2613D /* tippyTests.swift */; };
		530CC117256A90E400F2613D /* tippyUITests.swift in Sources */ = {isa = PBXBuildFile; fileRef = 530CC116256A90E400F2613D /* tippyUITests.swift */; };
/* End PBXBuildFile section */

/* Begin PBXContainerItemProxy section */
		530CC108256A90E400F2613D /* PBXContainerItemProxy */ = {
			isa = PBXContainerItemProxy;
			containerPortal = 530CC0E9256A90E300F2613D /* Project object */;
			proxyType = 1;
			remoteGlobalIDString = 530CC0F0256A90E300F2613D;
			remoteInfo = tippy;
		};
		530CC113256A90E400F2613D /* PBXContainerItemProxy */ = {
			isa = PBXContainerItemProxy;
			containerPortal = 530CC0E9256A90E300F2613D /* Project object */;
			proxyType = 1;
			remoteGlobalIDString = 530CC0F0256A90E300F2613D;
			remoteInfo = tippy;
		};
/* End PBXContainerItemProxy section */

/* Begin PBXFileReference section */
		530CC0F1256A90E300F2613D /* tippy.app */ = {isa = PBXFileReference; explicitFileType = wrapper.application; includeInIndex = 0; path = tippy.app; sourceTree = BUILT_PRODUCTS_DIR; };
		530CC0F4256A90E300F2613D /* AppDelegate.swift */ = {isa = PBXFileReference; lastKnownFileType = sourcecode.swift; path = AppDelegate.swift; sourceTree = "<group>"; };
		530CC0F6256A90E300F2613D /* SceneDelegate.swift */ = {isa = PBXFileReference; lastKnownFileType = sourcecode.swift; path = SceneDelegate.swift; sourceTree = "<group>"; };
		530CC0F8256A90E300F2613D /* ViewController.swift */ = {isa = PBXFileReference; lastKnownFileType = sourcecode.swift; path = ViewController.swift; sourceTree = "<group>"; };
		530CC0FB256A90E300F2613D /* Base */ = {isa = PBXFileReference; lastKnownFileType = file.storyboard; name = Base; path = Base.lproj/Main.storyboard; sourceTree = "<group>"; };
		530CC0FD256A90E400F2613D /* Assets.xcassets */ = {isa = PBXFileReference; lastKnownFileType = folder.assetcatalog; path = Assets.xcassets; sourceTree = "<group>"; };
		530CC100256A90E400F2613D /* Base */ = {isa = PBXFileReference; lastKnownFileType = file.storyboard; name = Base; path = Base.lproj/LaunchScreen.storyboard; sourceTree = "<group>"; };
		530CC102256A90E400F2613D /* Info.plist */ = {isa = PBXFileReference; lastKnownFileType = text.plist.xml; path = Info.plist; sourceTree = "<group>"; };
		530CC107256A90E400F2613D /* tippyTests.xctest */ = {isa = PBXFileReference; explicitFileType = wrapper.cfbundle; includeInIndex = 0; path = tippyTests.xctest; sourceTree = BUILT_PRODUCTS_DIR; };
		530CC10B256A90E400F2613D /* tippyTests.swift */ = {isa = PBXFileReference; lastKnownFileType = sourcecode.swift; path = tippyTests.swift; sourceTree = "<group>"; };
		530CC10D256A90E400F2613D /* Info.plist */ = {isa = PBXFileReference; lastKnownFileType = text.plist.xml; path = Info.plist; sourceTree = "<group>"; };
		530CC112256A90E400F2613D /* tippyUITests.xctest */ = {isa = PBXFileReference; explicitFileType = wrapper.cfbundle; includeInIndex = 0; path = tippyUITests.xctest; sourceTree = BUILT_PRODUCTS_DIR; };
		530CC116256A90E400F2613D /* tippyUITests.swift */ = {isa = PBXFileReference; lastKnownFileType = sourcecode.swift; path = tippyUITests.swift; sourceTree = "<group>"; };
		530CC118256A90E400F2613D /* Info.plist */ = {isa = PBXFileReference; lastKnownFileType = text.plist.xml; path = Info.plist; sourceTree = "<group>"; };
/* End PBXFileReference section */

/* Begin PBXFrameworksBuildPhase section */
		530CC0EE256A90E300F2613D /* Frameworks */ = {
			isa = PBXFrameworksBuildPhase;
			buildActionMask = 2147483647;
			files = (
			);
			runOnlyForDeploymentPostprocessing = 0;
		};
		530CC104256A90E400F2613D /* Frameworks */ = {
			isa = PBXFrameworksBuildPhase;
			buildActionMask = 2147483647;
			files = (
			);
			runOnlyForDeploymentPostprocessing = 0;
		};
		530CC10F256A90E400F2613D /* Frameworks */ = {
			isa = PBXFrameworksBuildPhase;
			buildActionMask = 2147483647;
			files = (
			);
			runOnlyForDeploymentPostprocessing = 0;
		};
/* End PBXFrameworksBuildPhase section */

/* Begin PBXGroup section */
		530CC0E8256A90E300F2613D = {
			isa = PBXGroup;
			children = (
				530CC0F3256A90E300F2613D /* tippy */,
				530CC10A256A90E400F2613D /* tippyTests */,
				530CC115256A90E400F2613D /* tippyUITests */,
				530CC0F2256A90E300F2613D /* Products */,
			);
			sourceTree = "<group>";
		};
		530CC0F2256A90E300F2613D /* Products */ = {
			isa = PBXGroup;
			children = (
				530CC0F1256A90E300F2613D /* tippy.app */,
				530CC107256A90E400F2613D /* tippyTests.xctest */,
				530CC112256A90E400F2613D /* tippyUITests.xctest */,
			);
			name = Products;
			sourceTree = "<group>";
		};
		530CC0F3256A90E300F2613D /* tippy */ = {
			isa = PBXGroup;
			children = (
				530CC0F4256A90E300F2613D /* AppDelegate.swift */,
				530CC0F6256A90E300F2613D /* SceneDelegate.swift */,
				530CC0F8256A90E300F2613D /* ViewController.swift */,
				530CC0FA256A90E300F2613D /* Main.storyboard */,
				530CC0FD256A90E400F2613D /* Assets.xcassets */,
				530CC0FF256A90E400F2613D /* LaunchScreen.storyboard */,
				530CC102256A90E400F2613D /* Info.plist */,
			);
			path = tippy;
			sourceTree = "<group>";
		};
		530CC10A256A90E400F2613D /* tippyTests */ = {
			isa = PBXGroup;
			children = (
				530CC10B256A90E400F2613D /* tippyTests.swift */,
				530CC10D256A90E400F2613D /* Info.plist */,
			);
			path = tippyTests;
			sourceTree = "<group>";
		};
		530CC115256A90E400F2613D /* tippyUITests */ = {
			isa = PBXGroup;
			children = (
				530CC116256A90E400F2613D /* tippyUITests.swift */,
				530CC118256A90E400F2613D /* Info.plist */,
			);
			path = tippyUITests;
			sourceTree = "<group>";
		};
/* End PBXGroup section */

/* Begin PBXNativeTarget section */
		530CC0F0256A90E300F2613D /* tippy */ = {
			isa = PBXNativeTarget;
			buildConfigurationList = 530CC11B256A90E400F2613D /* Build configuration list for PBXNativeTarget "tippy" */;
			buildPhases = (
				530CC0ED256A90E300F2613D /* Sources */,
				530CC0EE256A90E300F2613D /* Frameworks */,
				530CC0EF256A90E300F2613D /* Resources */,
			);
			buildRules = (
			);
			dependencies = (
			);
			name = tippy;
			productName = tippy;
			productReference = 530CC0F1256A90E300F2613D /* tippy.app */;
			productType = "com.apple.product-type.application";
		};
		530CC106256A90E400F2613D /* tippyTests */ = {
			isa = PBXNativeTarget;
			buildConfigurationList = 530CC11E256A90E400F2613D /* Build configuration list for PBXNativeTarget "tippyTests" */;
			buildPhases = (
				530CC103256A90E400F2613D /* Sources */,
				530CC104256A90E400F2613D /* Frameworks */,
				530CC105256A90E400F2613D /* Resources */,
			);
			buildRules = (
			);
			dependencies = (
				530CC109256A90E400F2613D /* PBXTargetDependency */,
			);
			name = tippyTests;
			productName = tippyTests;
			productReference = 530CC107256A90E400F2613D /* tippyTests.xctest */;
			productType = "com.apple.product-type.bundle.unit-test";
		};
		530CC111256A90E400F2613D /* tippyUITests */ = {
			isa = PBXNativeTarget;
			buildConfigurationList = 530CC121256A90E400F2613D /* Build configuration list for PBXNativeTarget "tippyUITests" */;
			buildPhases = (
				530CC10E256A90E400F2613D /* Sources */,
				530CC10F256A90E400F2613D /* Frameworks */,
				530CC110256A90E400F2613D /* Resources */,
			);
			buildRules = (
			);
			dependencies = (
				530CC114256A90E400F2613D /* PBXTargetDependency */,
			);
			name = tippyUITests;
			productName = tippyUITests;
			productReference = 530CC112256A90E400F2613D /* tippyUITests.xctest */;
			productType = "com.apple.product-type.bundle.ui-testing";
		};
/* End PBXNativeTarget section */

/* Begin PBXProject section */
		530CC0E9256A90E300F2613D /* Project object */ = {
			isa = PBXProject;
			attributes = {
				LastSwiftUpdateCheck = 1220;
				LastUpgradeCheck = 1220;
				TargetAttributes = {
					530CC0F0256A90E300F2613D = {
						CreatedOnToolsVersion = 12.2;
					};
					530CC106256A90E400F2613D = {
						CreatedOnToolsVersion = 12.2;
						TestTargetID = 530CC0F0256A90E300F2613D;
					};
					530CC111256A90E400F2613D = {
						CreatedOnToolsVersion = 12.2;
						TestTargetID = 530CC0F0256A90E300F2613D;
					};
				};
			};
			buildConfigurationList = 530CC0EC256A90E300F2613D /* Build configuration list for PBXProject "tippy" */;
			compatibilityVersion = "Xcode 9.3";
			developmentRegion = en;
			hasScannedForEncodings = 0;
			knownRegions = (
				en,
				Base,
			);
			mainGroup = 530CC0E8256A90E300F2613D;
			productRefGroup = 530CC0F2256A90E300F2613D /* Products */;
			projectDirPath = "";
			projectRoot = "";
			targets = (
				530CC0F0256A90E300F2613D /* tippy */,
				530CC106256A90E400F2613D /* tippyTests */,
				530CC111256A90E400F2613D /* tippyUITests */,
			);
		};
/* End PBXProject section */

/* Begin PBXResourcesBuildPhase section */
		530CC0EF256A90E300F2613D /* Resources */ = {
			isa = PBXResourcesBuildPhase;
			buildActionMask = 2147483647;
			files = (
				530CC101256A90E400F2613D /* LaunchScreen.storyboard in Resources */,
				530CC0FE256A90E400F2613D /* Assets.xcassets in Resources */,
				530CC0FC256A90E300F2613D /* Main.storyboard in Resources */,
			);
			runOnlyForDeploymentPostprocessing = 0;
		};
		530CC105256A90E400F2613D /* Resources */ = {
			isa = PBXResourcesBuildPhase;
			buildActionMask = 2147483647;
			files = (
			);
			runOnlyForDeploymentPostprocessing = 0;
		};
		530CC110256A90E400F2613D /* Resources */ = {
			isa = PBXResourcesBuildPhase;
			buildActionMask = 2147483647;
			files = (
			);
			runOnlyForDeploymentPostprocessing = 0;
		};
/* End PBXResourcesBuildPhase section */

/* Begin PBXSourcesBuildPhase section */
		530CC0ED256A90E300F2613D /* Sources */ = {
			isa = PBXSourcesBuildPhase;
			buildActionMask = 2147483647;
			files = (
				530CC0F9256A90E300F2613D /* ViewController.swift in Sources */,
				530CC0F5256A90E300F2613D /* AppDelegate.swift in Sources */,
				530CC0F7256A90E300F2613D /* SceneDelegate.swift in Sources */,
			);
			runOnlyForDeploymentPostprocessing = 0;
		};
		530CC103256A90E400F2613D /* Sources */ = {
			isa = PBXSourcesBuildPhase;
			buildActionMask = 2147483647;
			files = (
				530CC10C256A90E400F2613D /* tippyTests.swift in Sources */,
			);
			runOnlyForDeploymentPostprocessing = 0;
		};
		530CC10E256A90E400F2613D /* Sources */ = {
			isa = PBXSourcesBuildPhase;
			buildActionMask = 2147483647;
			files = (
				530CC117256A90E400F2613D /* tippyUITests.swift in Sources */,
			);
			runOnlyForDeploymentPostprocessing = 0;
		};
/* End PBXSourcesBuildPhase section */

/* Begin PBXTargetDependency section */
		530CC109256A90E400F2613D /* PBXTargetDependency */ = {
			isa = PBXTargetDependency;
			target = 530CC0F0256A90E300F2613D /* tippy */;
			targetProxy = 530CC108256A90E400F2613D /* PBXContainerItemProxy */;
		};
		530CC114256A90E400F2613D /* PBXTargetDependency */ = {
			isa = PBXTargetDependency;
			target = 530CC0F0256A90E300F2613D /* tippy */;
			targetProxy = 530CC113256A90E400F2613D /* PBXContainerItemProxy */;
		};
/* End PBXTargetDependency section */

/* Begin PBXVariantGroup section */
		530CC0FA256A90E300F2613D /* Main.storyboard */ = {
			isa = PBXVariantGroup;
			children = (
				530CC0FB256A90E300F2613D /* Base */,
			);
			name = Main.storyboard;
			sourceTree = "<group>";
		};
		530CC0FF256A90E400F2613D /* LaunchScreen.storyboard */ = {
			isa = PBXVariantGroup;
			children = (
				530CC100256A90E400F2613D /* Base */,
			);
			name = LaunchScreen.storyboard;
			sourceTree = "<group>";
		};
/* End PBXVariantGroup section */

/* Begin XCBuildConfiguration section */
		530CC119256A90E400F2613D /* Debug */ = {
			isa = XCBuildConfiguration;
			buildSettings = {
				ALWAYS_SEARCH_USER_PATHS = NO;
				CLANG_ANALYZER_NONNULL = YES;
				CLANG_ANALYZER_NUMBER_OBJECT_CONVERSION = YES_AGGRESSIVE;
				CLANG_CXX_LANGUAGE_STANDARD = "gnu++14";
				CLANG_CXX_LIBRARY = "libc++";
				CLANG_ENABLE_MODULES = YES;
				CLANG_ENABLE_OBJC_ARC = YES;
				CLANG_ENABLE_OBJC_WEAK = YES;
				CLANG_WARN_BLOCK_CAPTURE_AUTORELEASING = YES;
				CLANG_WARN_BOOL_CONVERSION = YES;
				CLANG_WARN_COMMA = YES;
				CLANG_WARN_CONSTANT_CONVERSION = YES;
				CLANG_WARN_DEPRECATED_OBJC_IMPLEMENTATIONS = YES;
				CLANG_WARN_DIRECT_OBJC_ISA_USAGE = YES_ERROR;
				CLANG_WARN_DOCUMENTATION_COMMENTS = YES;
				CLANG_WARN_EMPTY_BODY = YES;
				CLANG_WARN_ENUM_CONVERSION = YES;
				CLANG_WARN_INFINITE_RECURSION = YES;
				CLANG_WARN_INT_CONVERSION = YES;
				CLANG_WARN_NON_LITERAL_NULL_CONVERSION = YES;
				CLANG_WARN_OBJC_IMPLICIT_RETAIN_SELF = YES;
				CLANG_WARN_OBJC_LITERAL_CONVERSION = YES;
				CLANG_WARN_OBJC_ROOT_CLASS = YES_ERROR;
				CLANG_WARN_QUOTED_INCLUDE_IN_FRAMEWORK_HEADER = YES;
				CLANG_WARN_RANGE_LOOP_ANALYSIS = YES;
				CLANG_WARN_STRICT_PROTOTYPES = YES;
				CLANG_WARN_SUSPICIOUS_MOVE = YES;
				CLANG_WARN_UNGUARDED_AVAILABILITY = YES_AGGRESSIVE;
				CLANG_WARN_UNREACHABLE_CODE = YES;
				CLANG_WARN__DUPLICATE_METHOD_MATCH = YES;
				COPY_PHASE_STRIP = NO;
				DEBUG_INFORMATION_FORMAT = dwarf;
				ENABLE_STRICT_OBJC_MSGSEND = YES;
				ENABLE_TESTABILITY = YES;
				GCC_C_LANGUAGE_STANDARD = gnu11;
				GCC_DYNAMIC_NO_PIC = NO;
				GCC_NO_COMMON_BLOCKS = YES;
				GCC_OPTIMIZATION_LEVEL = 0;
				GCC_PREPROCESSOR_DEFINITIONS = (
					"DEBUG=1",
					"$(inherited)",
				);
				GCC_WARN_64_TO_32_BIT_CONVERSION = YES;
				GCC_WARN_ABOUT_RETURN_TYPE = YES_ERROR;
				GCC_WARN_UNDECLARED_SELECTOR = YES;
				GCC_WARN_UNINITIALIZED_AUTOS = YES_AGGRESSIVE;
				GCC_WARN_UNUSED_FUNCTION = YES;
				GCC_WARN_UNUSED_VARIABLE = YES;
				IPHONEOS_DEPLOYMENT_TARGET = 14.2;
				MTL_ENABLE_DEBUG_INFO = INCLUDE_SOURCE;
				MTL_FAST_MATH = YES;
				ONLY_ACTIVE_ARCH = YES;
				SDKROOT = iphoneos;
				SWIFT_ACTIVE_COMPILATION_CONDITIONS = DEBUG;
				SWIFT_OPTIMIZATION_LEVEL = "-Onone";
			};
			name = Debug;
		};
		530CC11A256A90E400F2613D /* Release */ = {
			isa = XCBuildConfiguration;
			buildSettings = {
				ALWAYS_SEARCH_USER_PATHS = NO;
				CLANG_ANALYZER_NONNULL = YES;
				CLANG_ANALYZER_NUMBER_OBJECT_CONVERSION = YES_AGGRESSIVE;
				CLANG_CXX_LANGUAGE_STANDARD = "gnu++14";
				CLANG_CXX_LIBRARY = "libc++";
				CLANG_ENABLE_MODULES = YES;
				CLANG_ENABLE_OBJC_ARC = YES;
				CLANG_ENABLE_OBJC_WEAK = YES;
				CLANG_WARN_BLOCK_CAPTURE_AUTORELEASING = YES;
				CLANG_WARN_BOOL_CONVERSION = YES;
				CLANG_WARN_COMMA = YES;
				CLANG_WARN_CONSTANT_CONVERSION = YES;
				CLANG_WARN_DEPRECATED_OBJC_IMPLEMENTATIONS = YES;
				CLANG_WARN_DIRECT_OBJC_ISA_USAGE = YES_ERROR;
				CLANG_WARN_DOCUMENTATION_COMMENTS = YES;
				CLANG_WARN_EMPTY_BODY = YES;
				CLANG_WARN_ENUM_CONVERSION = YES;
				CLANG_WARN_INFINITE_RECURSION = YES;
				CLANG_WARN_INT_CONVERSION = YES;
				CLANG_WARN_NON_LITERAL_NULL_CONVERSION = YES;
				CLANG_WARN_OBJC_IMPLICIT_RETAIN_SELF = YES;
				CLANG_WARN_OBJC_LITERAL_CONVERSION = YES;
				CLANG_WARN_OBJC_ROOT_CLASS = YES_ERROR;
				CLANG_WARN_QUOTED_INCLUDE_IN_FRAMEWORK_HEADER = YES;
				CLANG_WARN_RANGE_LOOP_ANALYSIS = YES;
				CLANG_WARN_STRICT_PROTOTYPES = YES;
				CLANG_WARN_SUSPICIOUS_MOVE = YES;
				CLANG_WARN_UNGUARDED_AVAILABILITY = YES_AGGRESSIVE;
				CLANG_WARN_UNREACHABLE_CODE = YES;
				CLANG_WARN__DUPLICATE_METHOD_MATCH = YES;
				COPY_PHASE_STRIP = NO;
				DEBUG_INFORMATION_FORMAT = "dwarf-with-dsym";
				ENABLE_NS_ASSERTIONS = NO;
				ENABLE_STRICT_OBJC_MSGSEND = YES;
				GCC_C_LANGUAGE_STANDARD = gnu11;
				GCC_NO_COMMON_BLOCKS = YES;
				GCC_WARN_64_TO_32_BIT_CONVERSION = YES;
				GCC_WARN_ABOUT_RETURN_TYPE = YES_ERROR;
				GCC_WARN_UNDECLARED_SELECTOR = YES;
				GCC_WARN_UNINITIALIZED_AUTOS = YES_AGGRESSIVE;
				GCC_WARN_UNUSED_FUNCTION = YES;
				GCC_WARN_UNUSED_VARIABLE = YES;
				IPHONEOS_DEPLOYMENT_TARGET = 14.2;
				MTL_ENABLE_DEBUG_INFO = NO;
				MTL_FAST_MATH = YES;
				SDKROOT = iphoneos;
				SWIFT_COMPILATION_MODE = wholemodule;
				SWIFT_OPTIMIZATION_LEVEL = "-O";
				VALIDATE_PRODUCT = YES;
			};
			name = Release;
		};
		530CC11C256A90E400F2613D /* Debug */ = {
			isa = XCBuildConfiguration;
			buildSettings = {
				ASSETCATALOG_COMPILER_APPICON_NAME = AppIcon;
				ASSETCATALOG_COMPILER_GLOBAL_ACCENT_COLOR_NAME = AccentColor;
				CODE_SIGN_STYLE = Automatic;
				INFOPLIST_FILE = tippy/Info.plist;
				LD_RUNPATH_SEARCH_PATHS = (
					"$(inherited)",
					"@executable_path/Frameworks",
				);
				PRODUCT_BUNDLE_IDENTIFIER = codepath.tippy;
				PRODUCT_NAME = "$(TARGET_NAME)";
				SWIFT_VERSION = 5.0;
				TARGETED_DEVICE_FAMILY = "1,2";
			};
			name = Debug;
		};
		530CC11D256A90E400F2613D /* Release */ = {
			isa = XCBuildConfiguration;
			buildSettings = {
				ASSETCATALOG_COMPILER_APPICON_NAME = AppIcon;
				ASSETCATALOG_COMPILER_GLOBAL_ACCENT_COLOR_NAME = AccentColor;
				CODE_SIGN_STYLE = Automatic;
				INFOPLIST_FILE = tippy/Info.plist;
				LD_RUNPATH_SEARCH_PATHS = (
					"$(inherited)",
					"@executable_path/Frameworks",
				);
				PRODUCT_BUNDLE_IDENTIFIER = codepath.tippy;
				PRODUCT_NAME = "$(TARGET_NAME)";
				SWIFT_VERSION = 5.0;
				TARGETED_DEVICE_FAMILY = "1,2";
			};
			name = Release;
		};
		530CC11F256A90E400F2613D /* Debug */ = {
			isa = XCBuildConfiguration;
			buildSettings = {
				ALWAYS_EMBED_SWIFT_STANDARD_LIBRARIES = YES;
				BUNDLE_LOADER = "$(TEST_HOST)";
				CODE_SIGN_STYLE = Automatic;
				INFOPLIST_FILE = tippyTests/Info.plist;
				IPHONEOS_DEPLOYMENT_TARGET = 14.2;
				LD_RUNPATH_SEARCH_PATHS = (
					"$(inherited)",
					"@executable_path/Frameworks",
					"@loader_path/Frameworks",
				);
				PRODUCT_BUNDLE_IDENTIFIER = codepath.tippyTests;
				PRODUCT_NAME = "$(TARGET_NAME)";
				SWIFT_VERSION = 5.0;
				TARGETED_DEVICE_FAMILY = "1,2";
				TEST_HOST = "$(BUILT_PRODUCTS_DIR)/tippy.app/tippy";
			};
			name = Debug;
		};
		530CC120256A90E400F2613D /* Release */ = {
			isa = XCBuildConfiguration;
			buildSettings = {
				ALWAYS_EMBED_SWIFT_STANDARD_LIBRARIES = YES;
				BUNDLE_LOADER = "$(TEST_HOST)";
				CODE_SIGN_STYLE = Automatic;
				INFOPLIST_FILE = tippyTests/Info.plist;
				IPHONEOS_DEPLOYMENT_TARGET = 14.2;
				LD_RUNPATH_SEARCH_PATHS = (
					"$(inherited)",
					"@executable_path/Frameworks",
					"@loader_path/Frameworks",
				);
				PRODUCT_BUNDLE_IDENTIFIER = codepath.tippyTests;
				PRODUCT_NAME = "$(TARGET_NAME)";
				SWIFT_VERSION = 5.0;
				TARGETED_DEVICE_FAMILY = "1,2";
				TEST_HOST = "$(BUILT_PRODUCTS_DIR)/tippy.app/tippy";
			};
			name = Release;
		};
		530CC122256A90E400F2613D /* Debug */ = {
			isa = XCBuildConfiguration;
			buildSettings = {
				ALWAYS_EMBED_SWIFT_STANDARD_LIBRARIES = YES;
				CODE_SIGN_STYLE = Automatic;
				INFOPLIST_FILE = tippyUITests/Info.plist;
				LD_RUNPATH_SEARCH_PATHS = (
					"$(inherited)",
					"@executable_path/Frameworks",
					"@loader_path/Frameworks",
				);
				PRODUCT_BUNDLE_IDENTIFIER = codepath.tippyUITests;
				PRODUCT_NAME = "$(TARGET_NAME)";
				SWIFT_VERSION = 5.0;
				TARGETED_DEVICE_FAMILY = "1,2";
				TEST_TARGET_NAME = tippy;
			};
			name = Debug;
		};
		530CC123256A90E400F2613D /* Release */ = {
			isa = XCBuildConfiguration;
			buildSettings = {
				ALWAYS_EMBED_SWIFT_STANDARD_LIBRARIES = YES;
				CODE_SIGN_STYLE = Automatic;
				INFOPLIST_FILE = tippyUITests/Info.plist;
				LD_RUNPATH_SEARCH_PATHS = (
					"$(inherited)",
					"@executable_path/Frameworks",
					"@loader_path/Frameworks",
				);
				PRODUCT_BUNDLE_IDENTIFIER = codepath.tippyUITests;
				PRODUCT_NAME = "$(TARGET_NAME)";
				SWIFT_VERSION = 5.0;
				TARGETED_DEVICE_FAMILY = "1,2";
				TEST_TARGET_NAME = tippy;
			};
			name = Release;
		};
/* End XCBuildConfiguration section */

/* Begin XCConfigurationList section */
		530CC0EC256A90E300F2613D /* Build configuration list for PBXProject "tippy" */ = {
			isa = XCConfigurationList;
			buildConfigurations = (
				530CC119256A90E400F2613D /* Debug */,
				530CC11A256A90E400F2613D /* Release */,
			);
			defaultConfigurationIsVisible = 0;
			defaultConfigurationName = Release;
		};
		530CC11B256A90E400F2613D /* Build configuration list for PBXNativeTarget "tippy" */ = {
			isa = XCConfigurationList;
			buildConfigurations = (
				530CC11C256A90E400F2613D /* Debug */,
				530CC11D256A90E400F2613D /* Release */,
			);
			defaultConfigurationIsVisible = 0;
			defaultConfigurationName = Release;
		};
		530CC11E256A90E400F2613D /* Build configuration list for PBXNativeTarget "tippyTests" */ = {
			isa = XCConfigurationList;
			buildConfigurations = (
				530CC11F256A90E400F2613D /* Debug */,
				530CC120256A90E400F2613D /* Release */,
			);
			defaultConfigurationIsVisible = 0;
			defaultConfigurationName = Release;
		};
		530CC121256A90E400F2613D /* Build configuration list for PBXNativeTarget "tippyUITests" */ = {
			isa = XCConfigurationList;
			buildConfigurations = (
				530CC122256A90E400F2613D /* Debug */,
				530CC123256A90E400F2613D /* Release */,
			);
			defaultConfigurationIsVisible = 0;
			defaultConfigurationName = Release;
		};
/* End XCConfigurationList section */
	};
	rootObject = 530CC0E9256A90E300F2613D /* Project object */;
}
